
Microsoft Visual Studio Solution File, Format Version 12.00
# Visual Studio Version 17
VisualStudioVersion = 17.1.32414.318
MinimumVisualStudioVersion = 10.0.40219.1
Project("{FAE04EC0-301F-11D3-BF4B-00C04F79EFBC}") = "Szpital", "Szpital\Szpital.csproj", "{584544B1-D331-4264-9FBB-9BC758062A74}"
EndProject
Global
	GlobalSection(SolutionConfigurationPlatforms) = preSolution
		Debug|Any CPU = Debug|Any CPU
		Release|Any CPU = Release|Any CPU
	EndGlobalSection
	GlobalSection(ProjectConfigurationPlatforms) = postSolution
		{584544B1-D331-4264-9FBB-9BC758062A74}.Debug|Any CPU.ActiveCfg = Debug|Any CPU
		{584544B1-D331-4264-9FBB-9BC758062A74}.Debug|Any CPU.Build.0 = Debug|Any CPU
		{584544B1-D331-4264-9FBB-9BC758062A74}.Release|Any CPU.ActiveCfg = Release|Any CPU
		{584544B1-D331-4264-9FBB-9BC758062A74}.Release|Any CPU.Build.0 = Release|Any CPU
	EndGlobalSection
	GlobalSection(SolutionProperties) = preSolution
		HideSolutionNode = FALSE
	EndGlobalSection
	GlobalSection(ExtensibilityGlobals) = postSolution
		SolutionGuid = {05C4CF8A-9873-452F-8AA4-2E5F58D79E47}
	EndGlobalSection
EndGlobal
